PODS:
  - FlutterMacOS (1.0.0)
  - window_background (0.0.1):
    - FlutterMacOS

DEPENDENCIES:
  - FlutterMacOS (from `Flutter/ephemeral/.symlinks/flutter/darwin-x64`)
  - window_background (from `Flutter/ephemeral/.symlinks/plugins/window_background/macos`)

EXTERNAL SOURCES:
  FlutterMacOS:
    :path: Flutter/ephemeral/.symlinks/flutter/darwin-x64
  window_background:
    :path: Flutter/ephemeral/.symlinks/plugins/window_background/macos

SPEC CHECKSUMS:
  FlutterMacOS: 15bea8a44d2fa024068daa0140371c020b4b6ff9
  window_background: 7e9b75b9f68538a9f0d9e4d68341bcb5639e98d4

PODFILE CHECKSUM: d8ba9b3e9e93c62c74a660b46c6fcb09f03991a7

COCOAPODS: 1.9.3
